
Microsoft Visual Studio Solution File, Format Version 12.00
# Visual Studio Version 16
VisualStudioVersion = 16.0.30011.22
MinimumVisualStudioVersion = 10.0.40219.1
Project("{9A19103F-16F7-4668-BE54-9A1E7A4F7556}") = "BlazorWebAssemblyApp.Server", "Server\BlazorWebAssemblyApp.Server.csproj", "{22ABC61D-C383-41F5-BA68-D9986EF9441A}"
EndProject
Project("{9A19103F-16F7-4668-BE54-9A1E7A4F7556}") = "BlazorWebAssemblyApp.Client", "Client\BlazorWebAssemblyApp.Client.csproj", "{B757517C-6368-4308-893D-35324ED043C6}"
EndProject
Project("{9A19103F-16F7-4668-BE54-9A1E7A4F7556}") = "BlazorWebAssemblyApp.Shared", "Shared\BlazorWebAssemblyApp.Shared.csproj", "{C6D5176C-3B72-4D06-A22F-8EFA8D257270}"
EndProject
Global
	GlobalSection(SolutionConfigurationPlatforms) = preSolution
		Debug|Any CPU = Debug|Any CPU
		Release|Any CPU = Release|Any CPU
	EndGlobalSection
	GlobalSection(ProjectConfigurationPlatforms) = postSolution
		{22ABC61D-C383-41F5-BA68-D9986EF9441A}.Debug|Any CPU.ActiveCfg = Debug|Any CPU
		{22ABC61D-C383-41F5-BA68-D9986EF9441A}.Debug|Any CPU.Build.0 = Debug|Any CPU
		{22ABC61D-C383-41F5-BA68-D9986EF9441A}.Release|Any CPU.ActiveCfg = Release|Any CPU
		{22ABC61D-C383-41F5-BA68-D9986EF9441A}.Release|Any CPU.Build.0 = Release|Any CPU
		{B757517C-6368-4308-893D-35324ED043C6}.Debug|Any CPU.ActiveCfg = Debug|Any CPU
		{B757517C-6368-4308-893D-35324ED043C6}.Debug|Any CPU.Build.0 = Debug|Any CPU
		{B757517C-6368-4308-893D-35324ED043C6}.Release|Any CPU.ActiveCfg = Release|Any CPU
		{B757517C-6368-4308-893D-35324ED043C6}.Release|Any CPU.Build.0 = Release|Any CPU
		{C6D5176C-3B72-4D06-A22F-8EFA8D257270}.Debug|Any CPU.ActiveCfg = Debug|Any CPU
		{C6D5176C-3B72-4D06-A22F-8EFA8D257270}.Debug|Any CPU.Build.0 = Debug|Any CPU
		{C6D5176C-3B72-4D06-A22F-8EFA8D257270}.Release|Any CPU.ActiveCfg = Release|Any CPU
		{C6D5176C-3B72-4D06-A22F-8EFA8D257270}.Release|Any CPU.Build.0 = Release|Any CPU
	EndGlobalSection
	GlobalSection(SolutionProperties) = preSolution
		HideSolutionNode = FALSE
	EndGlobalSection
	GlobalSection(ExtensibilityGlobals) = postSolution
		SolutionGuid = {4A7350B9-A4FE-4D8D-993B-61EA511F8B47}
	EndGlobalSection
EndGlobal
